// !$*UTF8*$!
{
	archiveVersion = 1;
	classes = {
	};
	objectVersion = 56;
	objects = {

/* Begin PBXBuildFile section */
		A88A94392AE24337004B0718 /* TransparencyTestApp.swift in Sources */ = {isa = PBXBuildFile; fileRef = A88A94382AE24337004B0718 /* TransparencyTestApp.swift */; };
		A88A943B2AE24337004B0718 /* ContentView.swift in Sources */ = {isa = PBXBuildFile; fileRef = A88A943A2AE24337004B0718 /* ContentView.swift */; };
		A88A943D2AE24338004B0718 /* Assets.xcassets in Resources */ = {isa = PBXBuildFile; fileRef = A88A943C2AE24338004B0718 /* Assets.xcassets */; };
		A88A94402AE24338004B0718 /* Preview Assets.xcassets in Resources */ = {isa = PBXBuildFile; fileRef = A88A943F2AE24338004B0718 /* Preview Assets.xcassets */; };
		A88A94472AE2435E004B0718 /* FullScreenCoverView.swift in Sources */ = {isa = PBXBuildFile; fileRef = A88A94462AE2435E004B0718 /* FullScreenCoverView.swift */; };
		A88A94492AE2443F004B0718 /* CustomAlertView.swift in Sources */ = {isa = PBXBuildFile; fileRef = A88A94482AE2443F004B0718 /* CustomAlertView.swift */; };
		A88A944B2AE2460F004B0718 /* NewFullScreenCoverView.swift in Sources */ = {isa = PBXBuildFile; fileRef = A88A944A2AE2460F004B0718 /* NewFullScreenCoverView.swift */; };
		A88A944D2AE24680004B0718 /* DrawerView.swift in Sources */ = {isa = PBXBuildFile; fileRef = A88A944C2AE24680004B0718 /* DrawerView.swift */; };
/* End PBXBuildFile section */

/* Begin PBXFileReference section */
		A88A94352AE24337004B0718 /* TransparencyTest.app */ = {isa = PBXFileReference; explicitFileType = wrapper.application; includeInIndex = 0; path = TransparencyTest.app; sourceTree = BUILT_PRODUCTS_DIR; };
		A88A94382AE24337004B0718 /* TransparencyTestApp.swift */ = {isa = PBXFileReference; lastKnownFileType = sourcecode.swift; path = TransparencyTestApp.swift; sourceTree = "<group>"; };
		A88A943A2AE24337004B0718 /* ContentView.swift */ = {isa = PBXFileReference; lastKnownFileType = sourcecode.swift; path = ContentView.swift; sourceTree = "<group>"; };
		A88A943C2AE24338004B0718 /* Assets.xcassets */ = {isa = PBXFileReference; lastKnownFileType = folder.assetcatalog; path = Assets.xcassets; sourceTree = "<group>"; };
		A88A943F2AE24338004B0718 /* Preview Assets.xcassets */ = {isa = PBXFileReference; lastKnownFileType = folder.assetcatalog; path = "Preview Assets.xcassets"; sourceTree = "<group>"; };
		A88A94462AE2435E004B0718 /* FullScreenCoverView.swift */ = {isa = PBXFileReference; lastKnownFileType = sourcecode.swift; path = FullScreenCoverView.swift; sourceTree = "<group>"; };
		A88A94482AE2443F004B0718 /* CustomAlertView.swift */ = {isa = PBXFileReference; lastKnownFileType = sourcecode.swift; path = CustomAlertView.swift; sourceTree = "<group>"; };
		A88A944A2AE2460F004B0718 /* NewFullScreenCoverView.swift */ = {isa = PBXFileReference; lastKnownFileType = sourcecode.swift; path = NewFullScreenCoverView.swift; sourceTree = "<group>"; };
		A88A944C2AE24680004B0718 /* DrawerView.swift */ = {isa = PBXFileReference; lastKnownFileType = sourcecode.swift; path = DrawerView.swift; sourceTree = "<group>"; };
/* End PBXFileReference section */

/* Begin PBXFrameworksBuildPhase section */
		A88A94322AE24337004B0718 /* Frameworks */ = {
			isa = PBXFrameworksBuildPhase;
			buildActionMask = 2147483647;
			files = (
			);
			runOnlyForDeploymentPostprocessing = 0;
		};
/* End PBXFrameworksBuildPhase section */

/* Begin PBXGroup section */
		A88A942C2AE24337004B0718 = {
			isa = PBXGroup;
			children = (
				A88A94372AE24337004B0718 /* TransparencyTest */,
				A88A94362AE24337004B0718 /* Products */,
			);
			sourceTree = "<group>";
		};
		A88A94362AE24337004B0718 /* Products */ = {
			isa = PBXGroup;
			children = (
				A88A94352AE24337004B0718 /* TransparencyTest.app */,
			);
			name = Products;
			sourceTree = "<group>";
		};
		A88A94372AE24337004B0718 /* TransparencyTest */ = {
			isa = PBXGroup;
			children = (
				A88A94382AE24337004B0718 /* TransparencyTestApp.swift */,
				A88A943A2AE24337004B0718 /* ContentView.swift */,
				A88A94462AE2435E004B0718 /* FullScreenCoverView.swift */,
				A88A944A2AE2460F004B0718 /* NewFullScreenCoverView.swift */,
				A88A944C2AE24680004B0718 /* DrawerView.swift */,
				A88A94482AE2443F004B0718 /* CustomAlertView.swift */,
				A88A943C2AE24338004B0718 /* Assets.xcassets */,
				A88A943E2AE24338004B0718 /* Preview Content */,
			);
			path = TransparencyTest;
			sourceTree = "<group>";
		};
		A88A943E2AE24338004B0718 /* Preview Content */ = {
			isa = PBXGroup;
			children = (
				A88A943F2AE24338004B0718 /* Preview Assets.xcassets */,
			);
			path = "Preview Content";
			sourceTree = "<group>";
		};
/* End PBXGroup section */

/* Begin PBXNativeTarget section */
		A88A94342AE24337004B0718 /* TransparencyTest */ = {
			isa = PBXNativeTarget;
			buildConfigurationList = A88A94432AE24338004B0718 /* Build configuration list for PBXNativeTarget "TransparencyTest" */;
			buildPhases = (
				A88A94312AE24337004B0718 /* Sources */,
				A88A94322AE24337004B0718 /* Frameworks */,
				A88A94332AE24337004B0718 /* Resources */,
			);
			buildRules = (
			);
			dependencies = (
			);
			name = TransparencyTest;
			productName = TransparencyTest;
			productReference = A88A94352AE24337004B0718 /* TransparencyTest.app */;
			productType = "com.apple.product-type.application";
		};
/* End PBXNativeTarget section */

/* Begin PBXProject section */
		A88A942D2AE24337004B0718 /* Project object */ = {
			isa = PBXProject;
			attributes = {
				BuildIndependentTargetsInParallel = 1;
				LastSwiftUpdateCheck = 1430;
				LastUpgradeCheck = 1430;
				TargetAttributes = {
					A88A94342AE24337004B0718 = {
						CreatedOnToolsVersion = 14.3;
					};
				};
			};
			buildConfigurationList = A88A94302AE24337004B0718 /* Build configuration list for PBXProject "TransparencyTest" */;
			compatibilityVersion = "Xcode 14.0";
			developmentRegion = en;
			hasScannedForEncodings = 0;
			knownRegions = (
				en,
				Base,
			);
			mainGroup = A88A942C2AE24337004B0718;
			productRefGroup = A88A94362AE24337004B0718 /* Products */;
			projectDirPath = "";
			projectRoot = "";
			targets = (
				A88A94342AE24337004B0718 /* TransparencyTest */,
			);
		};
/* End PBXProject section */

/* Begin PBXResourcesBuildPhase section */
		A88A94332AE24337004B0718 /* Resources */ = {
			isa = PBXResourcesBuildPhase;
			buildActionMask = 2147483647;
			files = (
				A88A94402AE24338004B0718 /* Preview Assets.xcassets in Resources */,
				A88A943D2AE24338004B0718 /* Assets.xcassets in Resources */,
			);
			runOnlyForDeploymentPostprocessing = 0;
		};
/* End PBXResourcesBuildPhase section */

/* Begin PBXSourcesBuildPhase section */
		A88A94312AE24337004B0718 /* Sources */ = {
			isa = PBXSourcesBuildPhase;
			buildActionMask = 2147483647;
			files = (
				A88A94472AE2435E004B0718 /* FullScreenCoverView.swift in Sources */,
				A88A943B2AE24337004B0718 /* ContentView.swift in Sources */,
				A88A944B2AE2460F004B0718 /* NewFullScreenCoverView.swift in Sources */,
				A88A944D2AE24680004B0718 /* DrawerView.swift in Sources */,
				A88A94492AE2443F004B0718 /* CustomAlertView.swift in Sources */,
				A88A94392AE24337004B0718 /* TransparencyTestApp.swift in Sources */,
			);
			runOnlyForDeploymentPostprocessing = 0;
		};
/* End PBXSourcesBuildPhase section */

/* Begin XCBuildConfiguration section */
		A88A94412AE24338004B0718 /* Debug */ = {
			isa = XCBuildConfiguration;
			buildSettings = {
				ALWAYS_SEARCH_USER_PATHS = NO;
				CLANG_ANALYZER_NONNULL = YES;
				CLANG_ANALYZER_NUMBER_OBJECT_CONVERSION = YES_AGGRESSIVE;
				CLANG_CXX_LANGUAGE_STANDARD = "gnu++20";
				CLANG_ENABLE_MODULES = YES;
				CLANG_ENABLE_OBJC_ARC = YES;
				CLANG_ENABLE_OBJC_WEAK = YES;
				CLANG_WARN_BLOCK_CAPTURE_AUTORELEASING = YES;
				CLANG_WARN_BOOL_CONVERSION = YES;
				CLANG_WARN_COMMA = YES;
				CLANG_WARN_CONSTANT_CONVERSION = YES;
				CLANG_WARN_DEPRECATED_OBJC_IMPLEMENTATIONS = YES;
				CLANG_WARN_DIRECT_OBJC_ISA_USAGE = YES_ERROR;
				CLANG_WARN_DOCUMENTATION_COMMENTS = YES;
				CLANG_WARN_EMPTY_BODY = YES;
				CLANG_WARN_ENUM_CONVERSION = YES;
				CLANG_WARN_INFINITE_RECURSION = YES;
				CLANG_WARN_INT_CONVERSION = YES;
				CLANG_WARN_NON_LITERAL_NULL_CONVERSION = YES;
				CLANG_WARN_OBJC_IMPLICIT_RETAIN_SELF = YES;
				CLANG_WARN_OBJC_LITERAL_CONVERSION = YES;
				CLANG_WARN_OBJC_ROOT_CLASS = YES_ERROR;
				CLANG_WARN_QUOTED_INCLUDE_IN_FRAMEWORK_HEADER = YES;
				CLANG_WARN_RANGE_LOOP_ANALYSIS = YES;
				CLANG_WARN_STRICT_PROTOTYPES = YES;
				CLANG_WARN_SUSPICIOUS_MOVE = YES;
				CLANG_WARN_UNGUARDED_AVAILABILITY = YES_AGGRESSIVE;
				CLANG_WARN_UNREACHABLE_CODE = YES;
				CLANG_WARN__DUPLICATE_METHOD_MATCH = YES;
				COPY_PHASE_STRIP = NO;
				DEBUG_INFORMATION_FORMAT = dwarf;
				ENABLE_STRICT_OBJC_MSGSEND = YES;
				ENABLE_TESTABILITY = YES;
				GCC_C_LANGUAGE_STANDARD = gnu11;
				GCC_DYNAMIC_NO_PIC = NO;
				GCC_NO_COMMON_BLOCKS = YES;
				GCC_OPTIMIZATION_LEVEL = 0;
				GCC_PREPROCESSOR_DEFINITIONS = (
					"DEBUG=1",
					"$(inherited)",
				);
				GCC_WARN_64_TO_32_BIT_CONVERSION = YES;
				GCC_WARN_ABOUT_RETURN_TYPE = YES_ERROR;
				GCC_WARN_UNDECLARED_SELECTOR = YES;
				GCC_WARN_UNINITIALIZED_AUTOS = YES_AGGRESSIVE;
				GCC_WARN_UNUSED_FUNCTION = YES;
				GCC_WARN_UNUSED_VARIABLE = YES;
				IPHONEOS_DEPLOYMENT_TARGET = 16.4;
				MTL_ENABLE_DEBUG_INFO = INCLUDE_SOURCE;
				MTL_FAST_MATH = YES;
				ONLY_ACTIVE_ARCH = YES;
				SDKROOT = iphoneos;
				SWIFT_ACTIVE_COMPILATION_CONDITIONS = DEBUG;
				SWIFT_OPTIMIZATION_LEVEL = "-Onone";
			};
			name = Debug;
		};
		A88A94422AE24338004B0718 /* Release */ = {
			isa = XCBuildConfiguration;
			buildSettings = {
				ALWAYS_SEARCH_USER_PATHS = NO;
				CLANG_ANALYZER_NONNULL = YES;
				CLANG_ANALYZER_NUMBER_OBJECT_CONVERSION = YES_AGGRESSIVE;
				CLANG_CXX_LANGUAGE_STANDARD = "gnu++20";
				CLANG_ENABLE_MODULES = YES;
				CLANG_ENABLE_OBJC_ARC = YES;
				CLANG_ENABLE_OBJC_WEAK = YES;
				CLANG_WARN_BLOCK_CAPTURE_AUTORELEASING = YES;
				CLANG_WARN_BOOL_CONVERSION = YES;
				CLANG_WARN_COMMA = YES;
				CLANG_WARN_CONSTANT_CONVERSION = YES;
				CLANG_WARN_DEPRECATED_OBJC_IMPLEMENTATIONS = YES;
				CLANG_WARN_DIRECT_OBJC_ISA_USAGE = YES_ERROR;
				CLANG_WARN_DOCUMENTATION_COMMENTS = YES;
				CLANG_WARN_EMPTY_BODY = YES;
				CLANG_WARN_ENUM_CONVERSION = YES;
				CLANG_WARN_INFINITE_RECURSION = YES;
				CLANG_WARN_INT_CONVERSION = YES;
				CLANG_WARN_NON_LITERAL_NULL_CONVERSION = YES;
				CLANG_WARN_OBJC_IMPLICIT_RETAIN_SELF = YES;
				CLANG_WARN_OBJC_LITERAL_CONVERSION = YES;
				CLANG_WARN_OBJC_ROOT_CLASS = YES_ERROR;
				CLANG_WARN_QUOTED_INCLUDE_IN_FRAMEWORK_HEADER = YES;
				CLANG_WARN_RANGE_LOOP_ANALYSIS = YES;
				CLANG_WARN_STRICT_PROTOTYPES = YES;
				CLANG_WARN_SUSPICIOUS_MOVE = YES;
				CLANG_WARN_UNGUARDED_AVAILABILITY = YES_AGGRESSIVE;
				CLANG_WARN_UNREACHABLE_CODE = YES;
				CLANG_WARN__DUPLICATE_METHOD_MATCH = YES;
				COPY_PHASE_STRIP = NO;
				DEBUG_INFORMATION_FORMAT = "dwarf-with-dsym";
				ENABLE_NS_ASSERTIONS = NO;
				ENABLE_STRICT_OBJC_MSGSEND = YES;
				GCC_C_LANGUAGE_STANDARD = gnu11;
				GCC_NO_COMMON_BLOCKS = YES;
				GCC_WARN_64_TO_32_BIT_CONVERSION = YES;
				GCC_WARN_ABOUT_RETURN_TYPE = YES_ERROR;
				GCC_WARN_UNDECLARED_SELECTOR = YES;
				GCC_WARN_UNINITIALIZED_AUTOS = YES_AGGRESSIVE;
				GCC_WARN_UNUSED_FUNCTION = YES;
				GCC_WARN_UNUSED_VARIABLE = YES;
				IPHONEOS_DEPLOYMENT_TARGET = 16.4;
				MTL_ENABLE_DEBUG_INFO = NO;
				MTL_FAST_MATH = YES;
				SDKROOT = iphoneos;
				SWIFT_COMPILATION_MODE = wholemodule;
				SWIFT_OPTIMIZATION_LEVEL = "-O";
				VALIDATE_PRODUCT = YES;
			};
			name = Release;
		};
		A88A94442AE24338004B0718 /* Debug */ = {
			isa = XCBuildConfiguration;
			buildSettings = {
				ASSETCATALOG_COMPILER_APPICON_NAME = AppIcon;
				ASSETCATALOG_COMPILER_GLOBAL_ACCENT_COLOR_NAME = AccentColor;
				CODE_SIGN_STYLE = Automatic;
				CURRENT_PROJECT_VERSION = 1;
				DEVELOPMENT_ASSET_PATHS = "\"TransparencyTest/Preview Content\"";
				DEVELOPMENT_TEAM = VSQNCLF8F9;
				ENABLE_PREVIEWS = YES;
				GENERATE_INFOPLIST_FILE = YES;
				INFOPLIST_KEY_UIApplicationSceneManifest_Generation = YES;
				INFOPLIST_KEY_UIApplicationSupportsIndirectInputEvents = YES;
				INFOPLIST_KEY_UILaunchScreen_Generation = YES;
				INFOPLIST_KEY_UISupportedInterfaceOrientations_iPad = "UIInterfaceOrientationPortrait UIInterfaceOrientationPortraitUpsideDown UIInterfaceOrientationLandscapeLeft UIInterfaceOrientationLandscapeRight";
				INFOPLIST_KEY_UISupportedInterfaceOrientations_iPhone = "UIInterfaceOrientationPortrait UIInterfaceOrientationLandscapeLeft UIInterfaceOrientationLandscapeRight";
				LD_RUNPATH_SEARCH_PATHS = (
					"$(inherited)",
					"@executable_path/Frameworks",
				);
				MARKETING_VERSION = 1.0;
				PRODUCT_BUNDLE_IDENTIFIER = biz.usk.TransparencyTest;
				PRODUCT_NAME = "$(TARGET_NAME)";
				SWIFT_EMIT_LOC_STRINGS = YES;
				SWIFT_VERSION = 5.0;
				TARGETED_DEVICE_FAMILY = "1,2";
			};
			name = Debug;
		};
		A88A94452AE24338004B0718 /* Release */ = {
			isa = XCBuildConfiguration;
			buildSettings = {
				ASSETCATALOG_COMPILER_APPICON_NAME = AppIcon;
				ASSETCATALOG_COMPILER_GLOBAL_ACCENT_COLOR_NAME = AccentColor;
				CODE_SIGN_STYLE = Automatic;
				CURRENT_PROJECT_VERSION = 1;
				DEVELOPMENT_ASSET_PATHS = "\"TransparencyTest/Preview Content\"";
				DEVELOPMENT_TEAM = VSQNCLF8F9;
				ENABLE_PREVIEWS = YES;
				GENERATE_INFOPLIST_FILE = YES;
				INFOPLIST_KEY_UIApplicationSceneManifest_Generation = YES;
				INFOPLIST_KEY_UIApplicationSupportsIndirectInputEvents = YES;
				INFOPLIST_KEY_UILaunchScreen_Generation = YES;
				INFOPLIST_KEY_UISupportedInterfaceOrientations_iPad = "UIInterfaceOrientationPortrait UIInterfaceOrientationPortraitUpsideDown UIInterfaceOrientationLandscapeLeft UIInterfaceOrientationLandscapeRight";
				INFOPLIST_KEY_UISupportedInterfaceOrientations_iPhone = "UIInterfaceOrientationPortrait UIInterfaceOrientationLandscapeLeft UIInterfaceOrientationLandscapeRight";
				LD_RUNPATH_SEARCH_PATHS = (
					"$(inherited)",
					"@executable_path/Frameworks",
				);
				MARKETING_VERSION = 1.0;
				PRODUCT_BUNDLE_IDENTIFIER = biz.usk.TransparencyTest;
				PRODUCT_NAME = "$(TARGET_NAME)";
				SWIFT_EMIT_LOC_STRINGS = YES;
				SWIFT_VERSION = 5.0;
				TARGETED_DEVICE_FAMILY = "1,2";
			};
			name = Release;
		};
/* End XCBuildConfiguration section */

/* Begin XCConfigurationList section */
		A88A94302AE24337004B0718 /* Build configuration list for PBXProject "TransparencyTest" */ = {
			isa = XCConfigurationList;
			buildConfigurations = (
				A88A94412AE24338004B0718 /* Debug */,
				A88A94422AE24338004B0718 /* Release */,
			);
			defaultConfigurationIsVisible = 0;
			defaultConfigurationName = Release;
		};
		A88A94432AE24338004B0718 /* Build configuration list for PBXNativeTarget "TransparencyTest" */ = {
			isa = XCConfigurationList;
			buildConfigurations = (
				A88A94442AE24338004B0718 /* Debug */,
				A88A94452AE24338004B0718 /* Release */,
			);
			defaultConfigurationIsVisible = 0;
			defaultConfigurationName = Release;
		};
/* End XCConfigurationList section */
	};
	rootObject = A88A942D2AE24337004B0718 /* Project object */;
}
